// !$*UTF8*$!
{
	archiveVersion = 1;
	classes = {
	};
	objectVersion = 48;
	objects = {

/* Begin PBXBuildFile section */
		573527EA1F4D81D5005B70BB /* AppDelegate.m in Sources */ = {isa = PBXBuildFile; fileRef = 573527E91F4D81D5005B70BB /* AppDelegate.m */; };
		573527EF1F4D81D5005B70BB /* Assets.xcassets in Resources */ = {isa = PBXBuildFile; fileRef = 573527EE1F4D81D5005B70BB /* Assets.xcassets */; };
		573527F51F4D81D5005B70BB /* main.m in Sources */ = {isa = PBXBuildFile; fileRef = 573527F41F4D81D5005B70BB /* main.m */; };
		573528001F4D8319005B70BB /* AddDependenceVC.m in Sources */ = {isa = PBXBuildFile; fileRef = 573527FF1F4D8319005B70BB /* AddDependenceVC.m */; };
		573528081F4D8326005B70BB /* Dependency.m in Sources */ = {isa = PBXBuildFile; fileRef = 573528041F4D8325005B70BB /* Dependency.m */; };
		573528091F4D8326005B70BB /* DataManager.m in Sources */ = {isa = PBXBuildFile; fileRef = 573528061F4D8326005B70BB /* DataManager.m */; };
		5735280A1F4D8326005B70BB /* CreatePodVC.m in Sources */ = {isa = PBXBuildFile; fileRef = 573528071F4D8326005B70BB /* CreatePodVC.m */; };
		573528101F4D8336005B70BB /* PodCell.m in Sources */ = {isa = PBXBuildFile; fileRef = 5735280C1F4D8336005B70BB /* PodCell.m */; };
		573528111F4D8336005B70BB /* MainController.m in Sources */ = {isa = PBXBuildFile; fileRef = 5735280D1F4D8336005B70BB /* MainController.m */; };
		573528121F4D8336005B70BB /* PodDeleteCell.m in Sources */ = {isa = PBXBuildFile; fileRef = 5735280E1F4D8336005B70BB /* PodDeleteCell.m */; };
		573528251F4D8346005B70BB /* PodNameCell.m in Sources */ = {isa = PBXBuildFile; fileRef = 573528161F4D8344005B70BB /* PodNameCell.m */; };
		573528271F4D8346005B70BB /* PodUrlCell.m in Sources */ = {isa = PBXBuildFile; fileRef = 5735281E1F4D8345005B70BB /* PodUrlCell.m */; };
		573528281F4D8346005B70BB /* RepoCell.m in Sources */ = {isa = PBXBuildFile; fileRef = 5735281F1F4D8345005B70BB /* RepoCell.m */; };
		573528291F4D8346005B70BB /* PodVersionCell.m in Sources */ = {isa = PBXBuildFile; fileRef = 573528211F4D8346005B70BB /* PodVersionCell.m */; };
		5735282B1F4D8346005B70BB /* SetVC.m in Sources */ = {isa = PBXBuildFile; fileRef = 573528231F4D8346005B70BB /* SetVC.m */; };
		5735282E1F4D8608005B70BB /* AddDependenceVC.xib in Resources */ = {isa = PBXBuildFile; fileRef = 5735282D1F4D85F7005B70BB /* AddDependenceVC.xib */; };
		573528331F4D8641005B70BB /* CreatePodVC.xib in Resources */ = {isa = PBXBuildFile; fileRef = 5735282F1F4D861E005B70BB /* CreatePodVC.xib */; };
		573528351F4D864D005B70BB /* Main.storyboard in Resources */ = {isa = PBXBuildFile; fileRef = 573528311F4D863C005B70BB /* Main.storyboard */; };
		573528361F4D8D22005B70BB /* __PodTemplate__.zip in Resources */ = {isa = PBXBuildFile; fileRef = 573527FC1F4D8318005B70BB /* __PodTemplate__.zip */; };
		6AC2F94544F87366D9324EF9 /* libPods-PodManage.a in Frameworks */ = {isa = PBXBuildFile; fileRef = 5A777D44C28B18C422548C1A /* libPods-PodManage.a */; };
/* End PBXBuildFile section */

/* Begin PBXFileReference section */
		573527E51F4D81D5005B70BB /* PodManage.app */ = {isa = PBXFileReference; explicitFileType = wrapper.application; includeInIndex = 0; path = PodManage.app; sourceTree = BUILT_PRODUCTS_DIR; };
		573527E81F4D81D5005B70BB /* AppDelegate.h */ = {isa = PBXFileReference; lastKnownFileType = sourcecode.c.h; path = AppDelegate.h; sourceTree = "<group>"; };
		573527E91F4D81D5005B70BB /* AppDelegate.m */ = {isa = PBXFileReference; lastKnownFileType = sourcecode.c.objc; path = AppDelegate.m; sourceTree = "<group>"; };
		573527EE1F4D81D5005B70BB /* Assets.xcassets */ = {isa = PBXFileReference; lastKnownFileType = folder.assetcatalog; path = Assets.xcassets; sourceTree = "<group>"; };
		573527F31F4D81D5005B70BB /* Info.plist */ = {isa = PBXFileReference; lastKnownFileType = text.plist.xml; path = Info.plist; sourceTree = "<group>"; };
		573527F41F4D81D5005B70BB /* main.m */ = {isa = PBXFileReference; lastKnownFileType = sourcecode.c.objc; path = main.m; sourceTree = "<group>"; };
		573527F61F4D81D5005B70BB /* PodManage.entitlements */ = {isa = PBXFileReference; lastKnownFileType = text.plist.entitlements; path = PodManage.entitlements; sourceTree = "<group>"; };
		573527FC1F4D8318005B70BB /* __PodTemplate__.zip */ = {isa = PBXFileReference; lastKnownFileType = archive.zip; path = __PodTemplate__.zip; sourceTree = "<group>"; };
		573527FD1F4D8319005B70BB /* AddDependenceVC.h */ = {isa = PBXFileReference; lastKnownFileType = sourcecode.c.h; path = AddDependenceVC.h; sourceTree = "<group>"; };
		573527FF1F4D8319005B70BB /* AddDependenceVC.m */ = {isa = PBXFileReference; lastKnownFileType = sourcecode.c.objc; path = AddDependenceVC.m; sourceTree = "<group>"; };
		573528021F4D8325005B70BB /* CreatePodVC.h */ = {isa = PBXFileReference; lastKnownFileType = sourcecode.c.h; path = CreatePodVC.h; sourceTree = "<group>"; };
		573528031F4D8325005B70BB /* DataManager.h */ = {isa = PBXFileReference; lastKnownFileType = sourcecode.c.h; path = DataManager.h; sourceTree = "<group>"; };
		573528041F4D8325005B70BB /* Dependency.m */ = {isa = PBXFileReference; lastKnownFileType = sourcecode.c.objc; path = Dependency.m; sourceTree = "<group>"; };
		573528051F4D8326005B70BB /* Dependency.h */ = {isa = PBXFileReference; lastKnownFileType = sourcecode.c.h; path = Dependency.h; sourceTree = "<group>"; };
		573528061F4D8326005B70BB /* DataManager.m */ = {isa = PBXFileReference; lastKnownFileType = sourcecode.c.objc; path = DataManager.m; sourceTree = "<group>"; };
		573528071F4D8326005B70BB /* CreatePodVC.m */ = {isa = PBXFileReference; lastKnownFileType = sourcecode.c.objc; path = CreatePodVC.m; sourceTree = "<group>"; };
		5735280B1F4D8335005B70BB /* PodDeleteCell.h */ = {isa = PBXFileReference; lastKnownFileType = sourcecode.c.h; path = PodDeleteCell.h; sourceTree = "<group>"; };
		5735280C1F4D8336005B70BB /* PodCell.m */ = {isa = PBXFileReference; lastKnownFileType = sourcecode.c.objc; path = PodCell.m; sourceTree = "<group>"; };
		5735280D1F4D8336005B70BB /* MainController.m */ = {isa = PBXFileReference; lastKnownFileType = sourcecode.c.objc; path = MainController.m; sourceTree = "<group>"; };
		5735280E1F4D8336005B70BB /* PodDeleteCell.m */ = {isa = PBXFileReference; lastKnownFileType = sourcecode.c.objc; path = PodDeleteCell.m; sourceTree = "<group>"; };
		5735280F1F4D8336005B70BB /* MainController.h */ = {isa = PBXFileReference; lastKnownFileType = sourcecode.c.h; path = MainController.h; sourceTree = "<group>"; };
		573528161F4D8344005B70BB /* PodNameCell.m */ = {isa = PBXFileReference; lastKnownFileType = sourcecode.c.objc; path = PodNameCell.m; sourceTree = "<group>"; };
		573528171F4D8344005B70BB /* RepoCell.h */ = {isa = PBXFileReference; lastKnownFileType = sourcecode.c.h; path = RepoCell.h; sourceTree = "<group>"; };
		5735281B1F4D8345005B70BB /* PodUrlCell.h */ = {isa = PBXFileReference; lastKnownFileType = sourcecode.c.h; path = PodUrlCell.h; sourceTree = "<group>"; };
		5735281C1F4D8345005B70BB /* PodNameCell.h */ = {isa = PBXFileReference; lastKnownFileType = sourcecode.c.h; path = PodNameCell.h; sourceTree = "<group>"; };
		5735281D1F4D8345005B70BB /* PodVersionCell.h */ = {isa = PBXFileReference; lastKnownFileType = sourcecode.c.h; path = PodVersionCell.h; sourceTree = "<group>"; };
		5735281E1F4D8345005B70BB /* PodUrlCell.m */ = {isa = PBXFileReference; lastKnownFileType = sourcecode.c.objc; path = PodUrlCell.m; sourceTree = "<group>"; };
		5735281F1F4D8345005B70BB /* RepoCell.m */ = {isa = PBXFileReference; lastKnownFileType = sourcecode.c.objc; path = RepoCell.m; sourceTree = "<group>"; };
		573528201F4D8346005B70BB /* SetVC.h */ = {isa = PBXFileReference; lastKnownFileType = sourcecode.c.h; path = SetVC.h; sourceTree = "<group>"; };
		573528211F4D8346005B70BB /* PodVersionCell.m */ = {isa = PBXFileReference; lastKnownFileType = sourcecode.c.objc; path = PodVersionCell.m; sourceTree = "<group>"; };
		573528231F4D8346005B70BB /* SetVC.m */ = {isa = PBXFileReference; lastKnownFileType = sourcecode.c.objc; path = SetVC.m; sourceTree = "<group>"; };
		5735282D1F4D85F7005B70BB /* AddDependenceVC.xib */ = {isa = PBXFileReference; lastKnownFileType = file.xib; path = AddDependenceVC.xib; sourceTree = "<group>"; };
		5735282F1F4D861E005B70BB /* CreatePodVC.xib */ = {isa = PBXFileReference; lastKnownFileType = file.xib; path = CreatePodVC.xib; sourceTree = "<group>"; };
		573528321F4D863C005B70BB /* Base */ = {isa = PBXFileReference; lastKnownFileType = file.storyboard; name = Base; path = Base.lproj/Main.storyboard; sourceTree = "<group>"; };
		5A777D44C28B18C422548C1A /* libPods-PodManage.a */ = {isa = PBXFileReference; explicitFileType = archive.ar; includeInIndex = 0; path = "libPods-PodManage.a"; sourceTree = BUILT_PRODUCTS_DIR; };
		F2AF2435E863EFB9FA4AABD3 /* Pods-PodManage.debug.xcconfig */ = {isa = PBXFileReference; includeInIndex = 1; lastKnownFileType = text.xcconfig; name = "Pods-PodManage.debug.xcconfig"; path = "Pods/Target Support Files/Pods-PodManage/Pods-PodManage.debug.xcconfig"; sourceTree = "<group>"; };
		FBAA858BAD551D93DEF56351 /* Pods-PodManage.release.xcconfig */ = {isa = PBXFileReference; includeInIndex = 1; lastKnownFileType = text.xcconfig; name = "Pods-PodManage.release.xcconfig"; path = "Pods/Target Support Files/Pods-PodManage/Pods-PodManage.release.xcconfig"; sourceTree = "<group>"; };
/* End PBXFileReference section */

/* Begin PBXFrameworksBuildPhase section */
		573527E21F4D81D5005B70BB /* Frameworks */ = {
			isa = PBXFrameworksBuildPhase;
			buildActionMask = 2147483647;
			files = (
				6AC2F94544F87366D9324EF9 /* libPods-PodManage.a in Frameworks */,
			);
			runOnlyForDeploymentPostprocessing = 0;
		};
/* End PBXFrameworksBuildPhase section */

/* Begin PBXGroup section */
		573527DC1F4D81D5005B70BB = {
			isa = PBXGroup;
			children = (
				573527E71F4D81D5005B70BB /* PodManage */,
				573527E61F4D81D5005B70BB /* Products */,
				A5EE99226CC18E1C8895DACF /* Pods */,
				CAF0D921378FAA6F11263929 /* Frameworks */,
			);
			sourceTree = "<group>";
		};
		573527E61F4D81D5005B70BB /* Products */ = {
			isa = PBXGroup;
			children = (
				573527E51F4D81D5005B70BB /* PodManage.app */,
			);
			name = Products;
			sourceTree = "<group>";
		};
		573527E71F4D81D5005B70BB /* PodManage */ = {
			isa = PBXGroup;
			children = (
				573527FC1F4D8318005B70BB /* __PodTemplate__.zip */,
				573527FD1F4D8319005B70BB /* AddDependenceVC.h */,
				573527FF1F4D8319005B70BB /* AddDependenceVC.m */,
				5735282D1F4D85F7005B70BB /* AddDependenceVC.xib */,
				573528021F4D8325005B70BB /* CreatePodVC.h */,
				573528071F4D8326005B70BB /* CreatePodVC.m */,
				5735282F1F4D861E005B70BB /* CreatePodVC.xib */,
				573528031F4D8325005B70BB /* DataManager.h */,
				573528061F4D8326005B70BB /* DataManager.m */,
				573528051F4D8326005B70BB /* Dependency.h */,
				573528041F4D8325005B70BB /* Dependency.m */,
				573527E81F4D81D5005B70BB /* AppDelegate.h */,
				573527E91F4D81D5005B70BB /* AppDelegate.m */,
				5735280F1F4D8336005B70BB /* MainController.h */,
				5735280D1F4D8336005B70BB /* MainController.m */,
				5735280C1F4D8336005B70BB /* PodCell.m */,
				5735280B1F4D8335005B70BB /* PodDeleteCell.h */,
				5735280E1F4D8336005B70BB /* PodDeleteCell.m */,
				5735281C1F4D8345005B70BB /* PodNameCell.h */,
				573528161F4D8344005B70BB /* PodNameCell.m */,
				5735281B1F4D8345005B70BB /* PodUrlCell.h */,
				5735281E1F4D8345005B70BB /* PodUrlCell.m */,
				5735281D1F4D8345005B70BB /* PodVersionCell.h */,
				573528211F4D8346005B70BB /* PodVersionCell.m */,
				573528171F4D8344005B70BB /* RepoCell.h */,
				5735281F1F4D8345005B70BB /* RepoCell.m */,
				573528201F4D8346005B70BB /* SetVC.h */,
				573528231F4D8346005B70BB /* SetVC.m */,
				573528311F4D863C005B70BB /* Main.storyboard */,
				573527EE1F4D81D5005B70BB /* Assets.xcassets */,
				573527F31F4D81D5005B70BB /* Info.plist */,
				573527F41F4D81D5005B70BB /* main.m */,
				573527F61F4D81D5005B70BB /* PodManage.entitlements */,
			);
			path = PodManage;
			sourceTree = "<group>";
		};
		A5EE99226CC18E1C8895DACF /* Pods */ = {
			isa = PBXGroup;
			children = (
				F2AF2435E863EFB9FA4AABD3 /* Pods-PodManage.debug.xcconfig */,
				FBAA858BAD551D93DEF56351 /* Pods-PodManage.release.xcconfig */,
			);
			name = Pods;
			sourceTree = "<group>";
		};
		CAF0D921378FAA6F11263929 /* Frameworks */ = {
			isa = PBXGroup;
			children = (
				5A777D44C28B18C422548C1A /* libPods-PodManage.a */,
			);
			name = Frameworks;
			sourceTree = "<group>";
		};
/* End PBXGroup section */

/* Begin PBXNativeTarget section */
		573527E41F4D81D5005B70BB /* PodManage */ = {
			isa = PBXNativeTarget;
			buildConfigurationList = 573527F91F4D81D5005B70BB /* Build configuration list for PBXNativeTarget "PodManage" */;
			buildPhases = (
				9029360571B540AD39F390F8 /* [CP] Check Pods Manifest.lock */,
				573527E11F4D81D5005B70BB /* Sources */,
				573527E21F4D81D5005B70BB /* Frameworks */,
				573527E31F4D81D5005B70BB /* Resources */,
				E482A5298ACADC393F6DE6D8 /* [CP] Embed Pods Frameworks */,
				1B3D67D24FA7A403C8A41B97 /* [CP] Copy Pods Resources */,
			);
			buildRules = (
			);
			dependencies = (
			);
			name = PodManage;
			productName = PodManage;
			productReference = 573527E51F4D81D5005B70BB /* PodManage.app */;
			productType = "com.apple.product-type.application";
		};
/* End PBXNativeTarget section */

/* Begin PBXProject section */
		573527DD1F4D81D5005B70BB /* Project object */ = {
			isa = PBXProject;
			attributes = {
				LastUpgradeCheck = 0900;
				ORGANIZATIONNAME = wanxue;
				TargetAttributes = {
					573527E41F4D81D5005B70BB = {
						CreatedOnToolsVersion = 9.0;
						SystemCapabilities = {
							com.apple.Sandbox = {
								enabled = 0;
							};
						};
					};
				};
			};
			buildConfigurationList = 573527E01F4D81D5005B70BB /* Build configuration list for PBXProject "PodManage" */;
			compatibilityVersion = "Xcode 8.0";
			developmentRegion = en;
			hasScannedForEncodings = 0;
			knownRegions = (
				en,
				Base,
			);
			mainGroup = 573527DC1F4D81D5005B70BB;
			productRefGroup = 573527E61F4D81D5005B70BB /* Products */;
			projectDirPath = "";
			projectRoot = "";
			targets = (
				573527E41F4D81D5005B70BB /* PodManage */,
			);
		};
/* End PBXProject section */

/* Begin PBXResourcesBuildPhase section */
		573527E31F4D81D5005B70BB /* Resources */ = {
			isa = PBXResourcesBuildPhase;
			buildActionMask = 2147483647;
			files = (
				573528361F4D8D22005B70BB /* __PodTemplate__.zip in Resources */,
				573528351F4D864D005B70BB /* Main.storyboard in Resources */,
				573528331F4D8641005B70BB /* CreatePodVC.xib in Resources */,
				5735282E1F4D8608005B70BB /* AddDependenceVC.xib in Resources */,
				573527EF1F4D81D5005B70BB /* Assets.xcassets in Resources */,
			);
			runOnlyForDeploymentPostprocessing = 0;
		};
/* End PBXResourcesBuildPhase section */

/* Begin PBXShellScriptBuildPhase section */
		1B3D67D24FA7A403C8A41B97 /* [CP] Copy Pods Resources */ = {
			isa = PBXShellScriptBuildPhase;
			buildActionMask = 2147483647;
			files = (
			);
			inputPaths = (
			);
			name = "[CP] Copy Pods Resources";
			outputPaths = (
			);
			runOnlyForDeploymentPostprocessing = 0;
			shellPath = /bin/sh;
			shellScript = "\"${SRCROOT}/Pods/Target Support Files/Pods-PodManage/Pods-PodManage-resources.sh\"\n";
			showEnvVarsInLog = 0;
		};
		9029360571B540AD39F390F8 /* [CP] Check Pods Manifest.lock */ = {
			isa = PBXShellScriptBuildPhase;
			buildActionMask = 2147483647;
			files = (
			);
			inputPaths = (
			);
			name = "[CP] Check Pods Manifest.lock";
			outputPaths = (
			);
			runOnlyForDeploymentPostprocessing = 0;
			shellPath = /bin/sh;
			shellScript = "diff \"${PODS_PODFILE_DIR_PATH}/Podfile.lock\" \"${PODS_ROOT}/Manifest.lock\" > /dev/null\nif [ $? != 0 ] ; then\n    # print error to STDERR\n    echo \"error: The sandbox is not in sync with the Podfile.lock. Run 'pod install' or update your CocoaPods installation.\" >&2\n    exit 1\nfi\n";
			showEnvVarsInLog = 0;
		};
		E482A5298ACADC393F6DE6D8 /* [CP] Embed Pods Frameworks */ = {
			isa = PBXShellScriptBuildPhase;
			buildActionMask = 2147483647;
			files = (
			);
			inputPaths = (
			);
			name = "[CP] Embed Pods Frameworks";
			outputPaths = (
			);
			runOnlyForDeploymentPostprocessing = 0;
			shellPath = /bin/sh;
			shellScript = "\"${SRCROOT}/Pods/Target Support Files/Pods-PodManage/Pods-PodManage-frameworks.sh\"\n";
			showEnvVarsInLog = 0;
		};
/* End PBXShellScriptBuildPhase section */

/* Begin PBXSourcesBuildPhase section */
		573527E11F4D81D5005B70BB /* Sources */ = {
			isa = PBXSourcesBuildPhase;
			buildActionMask = 2147483647;
			files = (
				573528111F4D8336005B70BB /* MainController.m in Sources */,
				573528281F4D8346005B70BB /* RepoCell.m in Sources */,
				5735282B1F4D8346005B70BB /* SetVC.m in Sources */,
				573528121F4D8336005B70BB /* PodDeleteCell.m in Sources */,
				573528291F4D8346005B70BB /* PodVersionCell.m in Sources */,
				573528091F4D8326005B70BB /* DataManager.m in Sources */,
				573528251F4D8346005B70BB /* PodNameCell.m in Sources */,
				573528081F4D8326005B70BB /* Dependency.m in Sources */,
				573528271F4D8346005B70BB /* PodUrlCell.m in Sources */,
				573528001F4D8319005B70BB /* AddDependenceVC.m in Sources */,
				573527F51F4D81D5005B70BB /* main.m in Sources */,
				5735280A1F4D8326005B70BB /* CreatePodVC.m in Sources */,
				573527EA1F4D81D5005B70BB /* AppDelegate.m in Sources */,
				573528101F4D8336005B70BB /* PodCell.m in Sources */,
			);
			runOnlyForDeploymentPostprocessing = 0;
		};
/* End PBXSourcesBuildPhase section */

/* Begin PBXVariantGroup section */
		573528311F4D863C005B70BB /* Main.storyboard */ = {
			isa = PBXVariantGroup;
			children = (
				573528321F4D863C005B70BB /* Base */,
			);
			name = Main.storyboard;
			sourceTree = "<group>";
		};
/* End PBXVariantGroup section */

/* Begin XCBuildConfiguration section */
		573527F71F4D81D5005B70BB /* Debug */ = {
			isa = XCBuildConfiguration;
			buildSettings = {
				ALWAYS_SEARCH_USER_PATHS = NO;
				CLANG_ANALYZER_NONNULL = YES;
				CLANG_ANALYZER_NUMBER_OBJECT_CONVERSION = YES_AGGRESSIVE;
				CLANG_CXX_LANGUAGE_STANDARD = "gnu++14";
				CLANG_CXX_LIBRARY = "libc++";
				CLANG_ENABLE_MODULES = YES;
				CLANG_ENABLE_OBJC_ARC = YES;
				CLANG_WARN_BLOCK_CAPTURE_AUTORELEASING = YES;
				CLANG_WARN_BOOL_CONVERSION = YES;
				CLANG_WARN_COMMA = YES;
				CLANG_WARN_CONSTANT_CONVERSION = YES;
				CLANG_WARN_DIRECT_OBJC_ISA_USAGE = YES_ERROR;
				CLANG_WARN_DOCUMENTATION_COMMENTS = YES;
				CLANG_WARN_EMPTY_BODY = YES;
				CLANG_WARN_ENUM_CONVERSION = YES;
				CLANG_WARN_INFINITE_RECURSION = YES;
				CLANG_WARN_INT_CONVERSION = YES;
				CLANG_WARN_NON_LITERAL_NULL_CONVERSION = YES;
				CLANG_WARN_OBJC_LITERAL_CONVERSION = YES;
				CLANG_WARN_OBJC_ROOT_CLASS = YES_ERROR;
				CLANG_WARN_RANGE_LOOP_ANALYSIS = YES;
				CLANG_WARN_STRICT_PROTOTYPES = YES;
				CLANG_WARN_SUSPICIOUS_MOVE = YES;
				CLANG_WARN_UNGUARDED_AVAILABILITY = YES_AGGRESSIVE;
				CLANG_WARN_UNREACHABLE_CODE = YES;
				CLANG_WARN__DUPLICATE_METHOD_MATCH = YES;
				CODE_SIGN_IDENTITY = "Mac Developer";
				COPY_PHASE_STRIP = NO;
				DEBUG_INFORMATION_FORMAT = dwarf;
				ENABLE_STRICT_OBJC_MSGSEND = YES;
				ENABLE_TESTABILITY = YES;
				GCC_C_LANGUAGE_STANDARD = gnu11;
				GCC_DYNAMIC_NO_PIC = NO;
				GCC_NO_COMMON_BLOCKS = YES;
				GCC_OPTIMIZATION_LEVEL = 0;
				GCC_PREPROCESSOR_DEFINITIONS = (
					"DEBUG=1",
					"$(inherited)",
				);
				GCC_WARN_64_TO_32_BIT_CONVERSION = YES;
				GCC_WARN_ABOUT_RETURN_TYPE = YES_ERROR;
				GCC_WARN_UNDECLARED_SELECTOR = YES;
				GCC_WARN_UNINITIALIZED_AUTOS = YES_AGGRESSIVE;
				GCC_WARN_UNUSED_FUNCTION = YES;
				GCC_WARN_UNUSED_VARIABLE = YES;
				MACOSX_DEPLOYMENT_TARGET = 10.12;
				MTL_ENABLE_DEBUG_INFO = YES;
				ONLY_ACTIVE_ARCH = YES;
				SDKROOT = macosx;
			};
			name = Debug;
		};
		573527F81F4D81D5005B70BB /* Release */ = {
			isa = XCBuildConfiguration;
			buildSettings = {
				ALWAYS_SEARCH_USER_PATHS = NO;
				CLANG_ANALYZER_NONNULL = YES;
				CLANG_ANALYZER_NUMBER_OBJECT_CONVERSION = YES_AGGRESSIVE;
				CLANG_CXX_LANGUAGE_STANDARD = "gnu++14";
				CLANG_CXX_LIBRARY = "libc++";
				CLANG_ENABLE_MODULES = YES;
				CLANG_ENABLE_OBJC_ARC = YES;
				CLANG_WARN_BLOCK_CAPTURE_AUTORELEASING = YES;
				CLANG_WARN_BOOL_CONVERSION = YES;
				CLANG_WARN_COMMA = YES;
				CLANG_WARN_CONSTANT_CONVERSION = YES;
				CLANG_WARN_DIRECT_OBJC_ISA_USAGE = YES_ERROR;
				CLANG_WARN_DOCUMENTATION_COMMENTS = YES;
				CLANG_WARN_EMPTY_BODY = YES;
				CLANG_WARN_ENUM_CONVERSION = YES;
				CLANG_WARN_INFINITE_RECURSION = YES;
				CLANG_WARN_INT_CONVERSION = YES;
				CLANG_WARN_NON_LITERAL_NULL_CONVERSION = YES;
				CLANG_WARN_OBJC_LITERAL_CONVERSION = YES;
				CLANG_WARN_OBJC_ROOT_CLASS = YES_ERROR;
				CLANG_WARN_RANGE_LOOP_ANALYSIS = YES;
				CLANG_WARN_STRICT_PROTOTYPES = YES;
				CLANG_WARN_SUSPICIOUS_MOVE = YES;
				CLANG_WARN_UNGUARDED_AVAILABILITY = YES_AGGRESSIVE;
				CLANG_WARN_UNREACHABLE_CODE = YES;
				CLANG_WARN__DUPLICATE_METHOD_MATCH = YES;
				CODE_SIGN_IDENTITY = "Mac Developer";
				COPY_PHASE_STRIP = NO;
				DEBUG_INFORMATION_FORMAT = "dwarf-with-dsym";
				ENABLE_NS_ASSERTIONS = NO;
				ENABLE_STRICT_OBJC_MSGSEND = YES;
				GCC_C_LANGUAGE_STANDARD = gnu11;
				GCC_NO_COMMON_BLOCKS = YES;
				GCC_WARN_64_TO_32_BIT_CONVERSION = YES;
				GCC_WARN_ABOUT_RETURN_TYPE = YES_ERROR;
				GCC_WARN_UNDECLARED_SELECTOR = YES;
				GCC_WARN_UNINITIALIZED_AUTOS = YES_AGGRESSIVE;
				GCC_WARN_UNUSED_FUNCTION = YES;
				GCC_WARN_UNUSED_VARIABLE = YES;
				MACOSX_DEPLOYMENT_TARGET = 10.12;
				MTL_ENABLE_DEBUG_INFO = NO;
				SDKROOT = macosx;
			};
			name = Release;
		};
		573527FA1F4D81D5005B70BB /* Debug */ = {
			isa = XCBuildConfiguration;
			baseConfigurationReference = F2AF2435E863EFB9FA4AABD3 /* Pods-PodManage.debug.xcconfig */;
			buildSettings = {
				ASSETCATALOG_COMPILER_APPICON_NAME = AppIcon;
				COMBINE_HIDPI_IMAGES = YES;
				DEVELOPMENT_TEAM = 3FNX44KFW5;
				INFOPLIST_FILE = PodManage/Info.plist;
				LD_RUNPATH_SEARCH_PATHS = "$(inherited) @executable_path/../Frameworks";
				PRODUCT_BUNDLE_IDENTIFIER = com.wanxue.PodManage;
				PRODUCT_NAME = "$(TARGET_NAME)";
			};
			name = Debug;
		};
		573527FB1F4D81D5005B70BB /* Release */ = {
			isa = XCBuildConfiguration;
			baseConfigurationReference = FBAA858BAD551D93DEF56351 /* Pods-PodManage.release.xcconfig */;
			buildSettings = {
				ASSETCATALOG_COMPILER_APPICON_NAME = AppIcon;
				COMBINE_HIDPI_IMAGES = YES;
				DEVELOPMENT_TEAM = 3FNX44KFW5;
				INFOPLIST_FILE = PodManage/Info.plist;
				LD_RUNPATH_SEARCH_PATHS = "$(inherited) @executable_path/../Frameworks";
				PRODUCT_BUNDLE_IDENTIFIER = com.wanxue.PodManage;
				PRODUCT_NAME = "$(TARGET_NAME)";
			};
			name = Release;
		};
/* End XCBuildConfiguration section */

/* Begin XCConfigurationList section */
		573527E01F4D81D5005B70BB /* Build configuration list for PBXProject "PodManage" */ = {
			isa = XCConfigurationList;
			buildConfigurations = (
				573527F71F4D81D5005B70BB /* Debug */,
				573527F81F4D81D5005B70BB /* Release */,
			);
			defaultConfigurationIsVisible = 0;
			defaultConfigurationName = Release;
		};
		573527F91F4D81D5005B70BB /* Build configuration list for PBXNativeTarget "PodManage" */ = {
			isa = XCConfigurationList;
			buildConfigurations = (
				573527FA1F4D81D5005B70BB /* Debug */,
				573527FB1F4D81D5005B70BB /* Release */,
			);
			defaultConfigurationIsVisible = 0;
			defaultConfigurationName = Release;
		};
/* End XCConfigurationList section */
	};
	rootObject = 573527DD1F4D81D5005B70BB /* Project object */;
}
